<?xml version="1.0" encoding="utf-8"?>
<Project ToolsVersion="4.0" xmlns="http://schemas.microsoft.com/developer/msbuild/2003">
  <ItemGroup>
    <ClCompile Include="main.cpp" />
    <ClCompile Include="Language_Coder\출력\자가진단\BasicPrint01.cpp">
      <Filter>Language_Coder\출력\자가진단</Filter>
    </ClCompile>
    <ClCompile Include="Language_Coder\출력\자가진단\BasicPrint02.cpp">
      <Filter>Language_Coder\출력\자가진단</Filter>
    </ClCompile>
    <ClCompile Include="Language_Coder\출력\자가진단\BasicPrint03.cpp">
      <Filter>Language_Coder\출력\자가진단</Filter>
    </ClCompile>
    <ClCompile Include="Language_Coder\출력\자가진단\BasicPrint04.cpp">
      <Filter>Language_Coder\출력\자가진단</Filter>
    </ClCompile>
    <ClCompile Include="Language_Coder\출력\자가진단\BasicPrint05.cpp">
      <Filter>Language_Coder\출력\자가진단</Filter>
    </ClCompile>
    <ClCompile Include="Language_Coder\출력\자가진단\BasicPrint06.cpp">
      <Filter>Language_Coder\출력\자가진단</Filter>
    </ClCompile>
    <ClCompile Include="Language_Coder\출력\자가진단\BasicPrint07.cpp">
      <Filter>Language_Coder\출력\자가진단</Filter>
    </ClCompile>
    <ClCompile Include="Language_Coder\출력\자가진단\BasicPrint08.cpp">
      <Filter>Language_Coder\출력\자가진단</Filter>
    </ClCompile>
    <ClCompile Include="Language_Coder\출력\형성평가\FormativePrint01.cpp">
      <Filter>Language_Coder\출력\형성평가</Filter>
    </ClCompile>
    <ClCompile Include="Language_Coder\출력\형성평가\FormativePrint02.cpp">
      <Filter>Language_Coder\출력\형성평가</Filter>
    </ClCompile>
    <ClCompile Include="Language_Coder\출력\형성평가\FormativePrint03.cpp">
      <Filter>Language_Coder\출력\형성평가</Filter>
    </ClCompile>
    <ClCompile Include="Language_Coder\출력\형성평가\FormativePrint04.cpp">
      <Filter>Language_Coder\출력\형성평가</Filter>
    </ClCompile>
    <ClCompile Include="Language_Coder\출력\형성평가\FormativePrint05.cpp">
      <Filter>Language_Coder\출력\형성평가</Filter>
    </ClCompile>
    <ClCompile Include="Language_Coder\입력\자가진단\BasicInput01.cpp">
      <Filter>Language_Coder\입력\자가진단</Filter>
    </ClCompile>
    <ClCompile Include="Language_Coder\입력\자가진단\BasicInput02.cpp">
      <Filter>Language_Coder\입력\자가진단</Filter>
    </ClCompile>
    <ClCompile Include="Language_Coder\입력\자가진단\BasicInput03.cpp">
      <Filter>Language_Coder\입력\자가진단</Filter>
    </ClCompile>
    <ClCompile Include="Language_Coder\입력\자가진단\BasicInput04.cpp">
      <Filter>Language_Coder\입력\자가진단</Filter>
    </ClCompile>
    <ClCompile Include="Language_Coder\입력\자가진단\BasicInput05.cpp">
      <Filter>Language_Coder\입력\자가진단</Filter>
    </ClCompile>
    <ClCompile Include="Language_Coder\입력\자가진단\BasicInput06.cpp">
      <Filter>Language_Coder\입력\자가진단</Filter>
    </ClCompile>
    <ClCompile Include="Language_Coder\입력\자가진단\BasicInput07.cpp">
      <Filter>Language_Coder\입력\자가진단</Filter>
    </ClCompile>
    <ClCompile Include="Language_Coder\입력\자가진단\BasicInput08.cpp">
      <Filter>Language_Coder\입력\자가진단</Filter>
    </ClCompile>
    <ClCompile Include="Language_Coder\입력\자가진단\BasicInput09.cpp">
      <Filter>Language_Coder\입력\자가진단</Filter>
    </ClCompile>
    <ClCompile Include="Language_Coder\입력\형성평가\FormativeInput01.cpp">
      <Filter>Language_Coder\입력\형성평가</Filter>
    </ClCompile>
    <ClCompile Include="Language_Coder\입력\형성평가\FormativeInput02.cpp">
      <Filter>Language_Coder\입력\형성평가</Filter>
    </ClCompile>
    <ClCompile Include="Language_Coder\입력\형성평가\FormativeInput03.cpp">
      <Filter>Language_Coder\입력\형성평가</Filter>
    </ClCompile>
    <ClCompile Include="Language_Coder\입력\형성평가\FormativeInput04.cpp">
      <Filter>Language_Coder\입력\형성평가</Filter>
    </ClCompile>
    <ClCompile Include="Language_Coder\입력\형성평가\FormativeInput05.cpp">
      <Filter>Language_Coder\입력\형성평가</Filter>
    </ClCompile>
    <ClCompile Include="Language_Coder\연산자\자가진단\BasicOperator01.cpp">
      <Filter>Language_Coder\연산자\자가진단</Filter>
    </ClCompile>
    <ClCompile Include="Language_Coder\연산자\자가진단\BasicOperator02.cpp">
      <Filter>Language_Coder\연산자\자가진단</Filter>
    </ClCompile>
    <ClCompile Include="Language_Coder\연산자\자가진단\BasicOperator03.cpp">
      <Filter>Language_Coder\연산자\자가진단</Filter>
    </ClCompile>
    <ClCompile Include="Language_Coder\연산자\자가진단\BasicOperator04.cpp">
      <Filter>Language_Coder\연산자\자가진단</Filter>
    </ClCompile>
    <ClCompile Include="Language_Coder\연산자\자가진단\BasicOperator05.cpp">
      <Filter>Language_Coder\연산자\자가진단</Filter>
    </ClCompile>
    <ClCompile Include="Language_Coder\연산자\자가진단\BasicOperator06.cpp">
      <Filter>Language_Coder\연산자\자가진단</Filter>
    </ClCompile>
    <ClCompile Include="Language_Coder\연산자\자가진단\BasicOperator07.cpp">
      <Filter>Language_Coder\연산자\자가진단</Filter>
    </ClCompile>
    <ClCompile Include="Language_Coder\연산자\자가진단\BasicOperator08.cpp">
      <Filter>Language_Coder\연산자\자가진단</Filter>
    </ClCompile>
    <ClCompile Include="Language_Coder\연산자\형성평가\FormativeOperator01.cpp">
      <Filter>Language_Coder\연산자\형성평가</Filter>
    </ClCompile>
    <ClCompile Include="Language_Coder\연산자\형성평가\FormativeOperator02.cpp">
      <Filter>Language_Coder\연산자\형성평가</Filter>
    </ClCompile>
    <ClCompile Include="Language_Coder\연산자\형성평가\FormativeOperator03.cpp">
      <Filter>Language_Coder\연산자\형성평가</Filter>
    </ClCompile>
    <ClCompile Include="Language_Coder\연산자\형성평가\FormativeOperator04.cpp">
      <Filter>Language_Coder\연산자\형성평가</Filter>
    </ClCompile>
    <ClCompile Include="Language_Coder\연산자\형성평가\FormativeOperator05.cpp">
      <Filter>Language_Coder\연산자\형성평가</Filter>
    </ClCompile>
    <ClCompile Include="Language_Coder\디버깅\자가진단\BasicDebug01.cpp">
      <Filter>Language_Coder\디버깅\자가진단</Filter>
    </ClCompile>
    <ClCompile Include="Language_Coder\디버깅\자가진단\BasicDebug02.cpp">
      <Filter>Language_Coder\디버깅\자가진단</Filter>
    </ClCompile>
    <ClCompile Include="Language_Coder\디버깅\형성평가\FormativeDebug01.cpp">
      <Filter>Language_Coder\디버깅\형성평가</Filter>
    </ClCompile>
    <ClCompile Include="Language_Coder\디버깅\형성평가\FormativeDebug02.cpp">
      <Filter>Language_Coder\디버깅\형성평가</Filter>
    </ClCompile>
    <ClCompile Include="Language_Coder\디버깅\형성평가\FormativeDebug03.cpp">
      <Filter>Language_Coder\디버깅\형성평가</Filter>
    </ClCompile>
    <ClCompile Include="Language_Coder\디버깅\형성평가\FormativeDebug04.cpp">
      <Filter>Language_Coder\디버깅\형성평가</Filter>
    </ClCompile>
    <ClCompile Include="Language_Coder\선택제어문\자가진단\BasicConditional01.cpp">
      <Filter>Language_Coder\선택제어문\자가진단</Filter>
    </ClCompile>
    <ClCompile Include="Language_Coder\선택제어문\자가진단\BasicConditional02.cpp">
      <Filter>Language_Coder\선택제어문\자가진단</Filter>
    </ClCompile>
    <ClCompile Include="Language_Coder\선택제어문\자가진단\BasicConditional03.cpp">
      <Filter>Language_Coder\선택제어문\자가진단</Filter>
    </ClCompile>
    <ClCompile Include="Language_Coder\선택제어문\자가진단\BasicConditional04.cpp">
      <Filter>Language_Coder\선택제어문\자가진단</Filter>
    </ClCompile>
    <ClCompile Include="Language_Coder\선택제어문\자가진단\BasicConditional05.cpp">
      <Filter>Language_Coder\선택제어문\자가진단</Filter>
    </ClCompile>
    <ClCompile Include="Language_Coder\선택제어문\자가진단\BasicConditional06.cpp">
      <Filter>Language_Coder\선택제어문\자가진단</Filter>
    </ClCompile>
    <ClCompile Include="Language_Coder\선택제어문\자가진단\BasicConditional07.cpp">
      <Filter>Language_Coder\선택제어문\자가진단</Filter>
    </ClCompile>
    <ClCompile Include="Language_Coder\선택제어문\자가진단\BasicConditional08.cpp">
      <Filter>Language_Coder\선택제어문\자가진단</Filter>
    </ClCompile>
    <ClCompile Include="Language_Coder\선택제어문\자가진단\BasicConditional09.cpp">
      <Filter>Language_Coder\선택제어문\자가진단</Filter>
    </ClCompile>
    <ClCompile Include="Language_Coder\선택제어문\형성평가\FormativeConditional01.cpp">
      <Filter>Language_Coder\선택제어문\형성평가</Filter>
    </ClCompile>
    <ClCompile Include="Language_Coder\선택제어문\형성평가\FormativeConditional02.cpp">
      <Filter>Language_Coder\선택제어문\형성평가</Filter>
    </ClCompile>
    <ClCompile Include="Language_Coder\선택제어문\형성평가\FormativeConditional03.cpp">
      <Filter>Language_Coder\선택제어문\형성평가</Filter>
    </ClCompile>
    <ClCompile Include="Language_Coder\선택제어문\형성평가\FormativeConditional04.cpp">
      <Filter>Language_Coder\선택제어문\형성평가</Filter>
    </ClCompile>
    <ClCompile Include="Language_Coder\선택제어문\형성평가\FormativeConditional05.cpp">
      <Filter>Language_Coder\선택제어문\형성평가</Filter>
    </ClCompile>
    <ClCompile Include="Language_Coder\반복제어문1\자가진단\BasicLoop101.cpp">
      <Filter>Language_Coder\반복제어문1\자가진단</Filter>
    </ClCompile>
    <ClCompile Include="Language_Coder\반복제어문1\자가진단\BasicLoop102.cpp">
      <Filter>Language_Coder\반복제어문1\자가진단</Filter>
    </ClCompile>
    <ClCompile Include="Language_Coder\반복제어문1\자가진단\BasicLoop103.cpp">
      <Filter>Language_Coder\반복제어문1\자가진단</Filter>
    </ClCompile>
    <ClCompile Include="Language_Coder\반복제어문1\자가진단\BasicLoop104.cpp">
      <Filter>Language_Coder\반복제어문1\자가진단</Filter>
    </ClCompile>
    <ClCompile Include="Language_Coder\반복제어문1\자가진단\BasicLoop105.cpp">
      <Filter>Language_Coder\반복제어문1\자가진단</Filter>
    </ClCompile>
    <ClCompile Include="Language_Coder\반복제어문1\자가진단\BasicLoop106.cpp">
      <Filter>Language_Coder\반복제어문1\자가진단</Filter>
    </ClCompile>
    <ClCompile Include="Language_Coder\반복제어문1\형성평가\FormativeLoop101.cpp">
      <Filter>Language_Coder\반복제어문1\형성평가</Filter>
    </ClCompile>
    <ClCompile Include="Language_Coder\반복제어문1\형성평가\FormativeLoop102.cpp">
      <Filter>Language_Coder\반복제어문1\형성평가</Filter>
    </ClCompile>
    <ClCompile Include="Language_Coder\반복제어문1\형성평가\FormativeLoop103.cpp">
      <Filter>Language_Coder\반복제어문1\형성평가</Filter>
    </ClCompile>
    <ClCompile Include="Language_Coder\반복제어문1\형성평가\FormativeLoop104.cpp">
      <Filter>Language_Coder\반복제어문1\형성평가</Filter>
    </ClCompile>
    <ClCompile Include="Language_Coder\반복제어문1\형성평가\FormativeLoop105.cpp">
      <Filter>Language_Coder\반복제어문1\형성평가</Filter>
    </ClCompile>
    <ClCompile Include="Language_Coder\반복제어문2\자가진단\BasicLoop201.cpp">
      <Filter>Language_Coder\반복제어문2\자가진단</Filter>
    </ClCompile>
    <ClCompile Include="Language_Coder\반복제어문2\자가진단\BasicLoop202.cpp">
      <Filter>Language_Coder\반복제어문2\자가진단</Filter>
    </ClCompile>
    <ClCompile Include="Language_Coder\반복제어문2\자가진단\BasicLoop203.cpp">
      <Filter>Language_Coder\반복제어문2\자가진단</Filter>
    </ClCompile>
    <ClCompile Include="Language_Coder\반복제어문2\자가진단\BasicLoop204.cpp">
      <Filter>Language_Coder\반복제어문2\자가진단</Filter>
    </ClCompile>
    <ClCompile Include="Language_Coder\반복제어문2\자가진단\BasicLoop205.cpp">
      <Filter>Language_Coder\반복제어문2\자가진단</Filter>
    </ClCompile>
    <ClCompile Include="Language_Coder\반복제어문2\자가진단\BasicLoop206.cpp">
      <Filter>Language_Coder\반복제어문2\자가진단</Filter>
    </ClCompile>
    <ClCompile Include="Language_Coder\반복제어문2\자가진단\BasicLoop207.cpp">
      <Filter>Language_Coder\반복제어문2\자가진단</Filter>
    </ClCompile>
    <ClCompile Include="Language_Coder\반복제어문2\자가진단\BasicLoop208.cpp">
      <Filter>Language_Coder\반복제어문2\자가진단</Filter>
    </ClCompile>
    <ClCompile Include="Language_Coder\반복제어문2\형성평가\FormativeLoop201.cpp">
      <Filter>Language_Coder\반복제어문2\형성평가</Filter>
    </ClCompile>
    <ClCompile Include="Language_Coder\반복제어문2\형성평가\FormativeLoop202.cpp">
      <Filter>Language_Coder\반복제어문2\형성평가</Filter>
    </ClCompile>
    <ClCompile Include="Language_Coder\반복제어문2\형성평가\FormativeLoop203.cpp">
      <Filter>Language_Coder\반복제어문2\형성평가</Filter>
    </ClCompile>
    <ClCompile Include="Language_Coder\반복제어문2\형성평가\FormativeLoop204.cpp">
      <Filter>Language_Coder\반복제어문2\형성평가</Filter>
    </ClCompile>
    <ClCompile Include="Language_Coder\반복제어문2\형성평가\FormativeLoop205.cpp">
      <Filter>Language_Coder\반복제어문2\형성평가</Filter>
    </ClCompile>
    <ClCompile Include="Language_Coder\반복제어문2\형성평가\FormativeLoop206.cpp">
      <Filter>Language_Coder\반복제어문2\형성평가</Filter>
    </ClCompile>
    <ClCompile Include="Language_Coder\반복제어문2\형성평가\FormativeLoop207.cpp">
      <Filter>Language_Coder\반복제어문2\형성평가</Filter>
    </ClCompile>
    <ClCompile Include="Language_Coder\반복제어문2\형성평가\FormativeLoop208.cpp">
      <Filter>Language_Coder\반복제어문2\형성평가</Filter>
    </ClCompile>
    <ClCompile Include="Language_Coder\반복제어문2\형성평가\FormativeLoop209.cpp">
      <Filter>Language_Coder\반복제어문2\형성평가</Filter>
    </ClCompile>
    <ClCompile Include="Language_Coder\반복제어문2\형성평가\FormativeLoop210.cpp">
      <Filter>Language_Coder\반복제어문2\형성평가</Filter>
    </ClCompile>
    <ClCompile Include="Language_Coder\반복제어문3\자가진단\BasicLoop301.cpp">
      <Filter>Language_Coder\반복제어문3\자가진단</Filter>
    </ClCompile>
    <ClCompile Include="Language_Coder\반복제어문3\자가진단\BasicLoop302.cpp">
      <Filter>Language_Coder\반복제어문3\자가진단</Filter>
    </ClCompile>
    <ClCompile Include="Language_Coder\반복제어문3\자가진단\BasicLoop303.cpp">
      <Filter>Language_Coder\반복제어문3\자가진단</Filter>
    </ClCompile>
    <ClCompile Include="Language_Coder\반복제어문3\자가진단\BasicLoop304.cpp">
      <Filter>Language_Coder\반복제어문3\자가진단</Filter>
    </ClCompile>
    <ClCompile Include="Language_Coder\반복제어문3\자가진단\BasicLoop305.cpp">
      <Filter>Language_Coder\반복제어문3\자가진단</Filter>
    </ClCompile>
    <ClCompile Include="Language_Coder\반복제어문3\자가진단\BasicLoop306.cpp">
      <Filter>Language_Coder\반복제어문3\자가진단</Filter>
    </ClCompile>
    <ClCompile Include="Language_Coder\반복제어문3\자가진단\BasicLoop307.cpp">
      <Filter>Language_Coder\반복제어문3\자가진단</Filter>
    </ClCompile>
  </ItemGroup>
  <ItemGroup>
    <Filter Include="Language_Coder">
      <UniqueIdentifier>{bdfd9225-9801-4952-9e98-2b61531a3466}</UniqueIdentifier>
    </Filter>
    <Filter Include="Language_Coder\입력">
      <UniqueIdentifier>{fc046526-7ef8-4844-b7cb-76ba292138d7}</UniqueIdentifier>
    </Filter>
    <Filter Include="Language_Coder\입력\형성평가">
      <UniqueIdentifier>{5f4fd5a5-ed1a-4446-b0a8-5c8c2e86e691}</UniqueIdentifier>
    </Filter>
    <Filter Include="Language_Coder\입력\자가진단">
      <UniqueIdentifier>{1fb12062-f756-465e-b00d-94e3745b2077}</UniqueIdentifier>
    </Filter>
    <Filter Include="Language_Coder\출력">
      <UniqueIdentifier>{9012a62e-bcfd-4316-9cfd-c907e3257e33}</UniqueIdentifier>
    </Filter>
    <Filter Include="Language_Coder\출력\형성평가">
      <UniqueIdentifier>{9d1000bf-b20f-44c0-b667-48b1ab7ace6b}</UniqueIdentifier>
    </Filter>
    <Filter Include="Language_Coder\출력\자가진단">
      <UniqueIdentifier>{d22544b0-dfc5-4d24-adf1-17926dc6a607}</UniqueIdentifier>
    </Filter>
    <Filter Include="Language_Coder\연산자">
      <UniqueIdentifier>{c9956701-c38f-45d7-82d4-e589b8d23284}</UniqueIdentifier>
    </Filter>
    <Filter Include="Language_Coder\연산자\자가진단">
      <UniqueIdentifier>{f5684010-9d86-465b-849f-c5d8f628c550}</UniqueIdentifier>
    </Filter>
    <Filter Include="Language_Coder\연산자\형성평가">
      <UniqueIdentifier>{44bc1b68-7ce3-482d-9ffa-660a55f6d010}</UniqueIdentifier>
    </Filter>
    <Filter Include="Language_Coder\디버깅">
      <UniqueIdentifier>{1ef4950c-9f0b-46a1-aacd-e1d82f5f3615}</UniqueIdentifier>
    </Filter>
    <Filter Include="Language_Coder\디버깅\자가진단">
      <UniqueIdentifier>{a829d5b0-bc0c-4ae5-8da0-2f48f730c544}</UniqueIdentifier>
    </Filter>
    <Filter Include="Language_Coder\디버깅\형성평가">
      <UniqueIdentifier>{e172938a-01c7-4bd6-978e-5b7da18c3f8c}</UniqueIdentifier>
    </Filter>
    <Filter Include="Language_Coder\선택제어문">
      <UniqueIdentifier>{81370f40-eb3a-4621-b317-f4e3c59f147b}</UniqueIdentifier>
    </Filter>
    <Filter Include="Language_Coder\선택제어문\자가진단">
      <UniqueIdentifier>{73759cec-8c48-4103-a1b5-4c6242ee26d8}</UniqueIdentifier>
    </Filter>
    <Filter Include="Language_Coder\선택제어문\형성평가">
      <UniqueIdentifier>{db0cfe35-aad5-4159-9ad4-0736a0eda68c}</UniqueIdentifier>
    </Filter>
    <Filter Include="Language_Coder\반복제어문1">
      <UniqueIdentifier>{be1353ea-5170-4330-89e0-65221750eb5a}</UniqueIdentifier>
    </Filter>
    <Filter Include="Language_Coder\반복제어문1\자가진단">
      <UniqueIdentifier>{d97d2e71-dc4b-427d-b2d5-a321de6f8790}</UniqueIdentifier>
    </Filter>
    <Filter Include="Language_Coder\반복제어문1\형성평가">
      <UniqueIdentifier>{65a3d0d0-7f05-4a7a-9078-f0b6965af214}</UniqueIdentifier>
    </Filter>
    <Filter Include="Language_Coder\반복제어문2">
      <UniqueIdentifier>{f56b0601-53ec-4c63-9eb0-e5935b298e51}</UniqueIdentifier>
    </Filter>
    <Filter Include="Language_Coder\반복제어문2\자가진단">
      <UniqueIdentifier>{5ff43b8b-8fb6-4455-af60-e3b19e1434c0}</UniqueIdentifier>
    </Filter>
    <Filter Include="Language_Coder\반복제어문2\형성평가">
      <UniqueIdentifier>{12c99eae-e6e7-4e08-9f94-3a3566cd0cc5}</UniqueIdentifier>
    </Filter>
    <Filter Include="Language_Coder\반복제어문3">
      <UniqueIdentifier>{68d7ba03-b168-4cd9-b77c-7bb167ff71ba}</UniqueIdentifier>
    </Filter>
    <Filter Include="Language_Coder\반복제어문3\자가진단">
      <UniqueIdentifier>{12cca2b3-23dd-4859-b348-142de122cbb1}</UniqueIdentifier>
    </Filter>
    <Filter Include="Language_Coder\반복제어문3\형성평가">
      <UniqueIdentifier>{15496ed5-6b92-4a6e-91f7-29cd77288f71}</UniqueIdentifier>
    </Filter>
  </ItemGroup>
  <ItemGroup>
    <ClInclude Include="Base.h" />
    <ClInclude Include="Language_Coder\출력\자가진단\BasicPrint01.h">
      <Filter>Language_Coder\출력\자가진단</Filter>
    </ClInclude>
    <ClInclude Include="Language_Coder\출력\자가진단\BasicPrint02.h">
      <Filter>Language_Coder\출력\자가진단</Filter>
    </ClInclude>
    <ClInclude Include="Language_Coder\출력\자가진단\BasicPrint03.h">
      <Filter>Language_Coder\출력\자가진단</Filter>
    </ClInclude>
    <ClInclude Include="Language_Coder\출력\자가진단\BasicPrint04.h">
      <Filter>Language_Coder\출력\자가진단</Filter>
    </ClInclude>
    <ClInclude Include="Language_Coder\출력\자가진단\BasicPrint05.h">
      <Filter>Language_Coder\출력\자가진단</Filter>
    </ClInclude>
    <ClInclude Include="Language_Coder\출력\자가진단\BasicPrint06.h">
      <Filter>Language_Coder\출력\자가진단</Filter>
    </ClInclude>
    <ClInclude Include="Language_Coder\출력\자가진단\BasicPrint07.h">
      <Filter>Language_Coder\출력\자가진단</Filter>
    </ClInclude>
    <ClInclude Include="Language_Coder\출력\자가진단\BasicPrint08.h">
      <Filter>Language_Coder\출력\자가진단</Filter>
    </ClInclude>
    <ClInclude Include="Language_Coder\출력\형성평가\FormativePrint01.h">
      <Filter>Language_Coder\출력\형성평가</Filter>
    </ClInclude>
    <ClInclude Include="Language_Coder\출력\형성평가\FormativePrint02.h">
      <Filter>Language_Coder\출력\형성평가</Filter>
    </ClInclude>
    <ClInclude Include="Language_Coder\출력\형성평가\FormativePrint03.h">
      <Filter>Language_Coder\출력\형성평가</Filter>
    </ClInclude>
    <ClInclude Include="Language_Coder\출력\형성평가\FormativePrint04.h">
      <Filter>Language_Coder\출력\형성평가</Filter>
    </ClInclude>
    <ClInclude Include="Language_Coder\출력\형성평가\FormativePrint05.h">
      <Filter>Language_Coder\출력\형성평가</Filter>
    </ClInclude>
    <ClInclude Include="Language_Coder\입력\자가진단\BasicInput01.h">
      <Filter>Language_Coder\입력\자가진단</Filter>
    </ClInclude>
    <ClInclude Include="Language_Coder\입력\자가진단\BasicInput02.h">
      <Filter>Language_Coder\입력\자가진단</Filter>
    </ClInclude>
    <ClInclude Include="Language_Coder\입력\자가진단\BasicInput03.h">
      <Filter>Language_Coder\입력\자가진단</Filter>
    </ClInclude>
    <ClInclude Include="Language_Coder\입력\자가진단\BasicInput04.h">
      <Filter>Language_Coder\입력\자가진단</Filter>
    </ClInclude>
    <ClInclude Include="Language_Coder\입력\자가진단\BasicInput05.h">
      <Filter>Language_Coder\입력\자가진단</Filter>
    </ClInclude>
    <ClInclude Include="Language_Coder\입력\자가진단\BasicInput06.h">
      <Filter>Language_Coder\입력\자가진단</Filter>
    </ClInclude>
    <ClInclude Include="Language_Coder\입력\자가진단\BasicInput07.h">
      <Filter>Language_Coder\입력\자가진단</Filter>
    </ClInclude>
    <ClInclude Include="Language_Coder\입력\자가진단\BasicInput08.h">
      <Filter>Language_Coder\입력\자가진단</Filter>
    </ClInclude>
    <ClInclude Include="Language_Coder\입력\자가진단\BasicInput09.h">
      <Filter>Language_Coder\입력\자가진단</Filter>
    </ClInclude>
    <ClInclude Include="Language_Coder\입력\형성평가\FormativeInput01.h">
      <Filter>Language_Coder\입력\형성평가</Filter>
    </ClInclude>
    <ClInclude Include="Language_Coder\입력\형성평가\FormativeInput02.h">
      <Filter>Language_Coder\입력\형성평가</Filter>
    </ClInclude>
    <ClInclude Include="Language_Coder\입력\형성평가\FormativeInput03.h">
      <Filter>Language_Coder\입력\형성평가</Filter>
    </ClInclude>
    <ClInclude Include="Language_Coder\입력\형성평가\FormativeInput04.h">
      <Filter>Language_Coder\입력\형성평가</Filter>
    </ClInclude>
    <ClInclude Include="Language_Coder\입력\형성평가\FormativeInput05.h">
      <Filter>Language_Coder\입력\형성평가</Filter>
    </ClInclude>
    <ClInclude Include="Language_Coder\연산자\자가진단\BasicOperator01.h">
      <Filter>Language_Coder\연산자\자가진단</Filter>
    </ClInclude>
    <ClInclude Include="Language_Coder\연산자\자가진단\BasicOperator02.h">
      <Filter>Language_Coder\연산자\자가진단</Filter>
    </ClInclude>
    <ClInclude Include="Language_Coder\연산자\자가진단\BasicOperator03.h">
      <Filter>Language_Coder\연산자\자가진단</Filter>
    </ClInclude>
    <ClInclude Include="Language_Coder\연산자\자가진단\BasicOperator04.h">
      <Filter>Language_Coder\연산자\자가진단</Filter>
    </ClInclude>
    <ClInclude Include="Language_Coder\연산자\자가진단\BasicOperator05.h">
      <Filter>Language_Coder\연산자\자가진단</Filter>
    </ClInclude>
    <ClInclude Include="Language_Coder\연산자\자가진단\BasicOperator06.h">
      <Filter>Language_Coder\연산자\자가진단</Filter>
    </ClInclude>
    <ClInclude Include="Language_Coder\연산자\자가진단\BasicOperator07.h">
      <Filter>Language_Coder\연산자\자가진단</Filter>
    </ClInclude>
    <ClInclude Include="Language_Coder\연산자\자가진단\BasicOperator08.h">
      <Filter>Language_Coder\연산자\자가진단</Filter>
    </ClInclude>
    <ClInclude Include="Language_Coder\연산자\형성평가\FormativeOperator01.h">
      <Filter>Language_Coder\연산자\형성평가</Filter>
    </ClInclude>
    <ClInclude Include="Language_Coder\연산자\형성평가\FormativeOperator02.h">
      <Filter>Language_Coder\연산자\형성평가</Filter>
    </ClInclude>
    <ClInclude Include="Language_Coder\연산자\형성평가\FormativeOperator03.h">
      <Filter>Language_Coder\연산자\형성평가</Filter>
    </ClInclude>
    <ClInclude Include="Language_Coder\연산자\형성평가\FormativeOperator04.h">
      <Filter>Language_Coder\연산자\형성평가</Filter>
    </ClInclude>
    <ClInclude Include="Language_Coder\연산자\형성평가\FormativeOperator05.h">
      <Filter>Language_Coder\연산자\형성평가</Filter>
    </ClInclude>
    <ClInclude Include="Language_Coder\디버깅\자가진단\BasicDebug01.h">
      <Filter>Language_Coder\디버깅\자가진단</Filter>
    </ClInclude>
    <ClInclude Include="Language_Coder\디버깅\자가진단\BasicDebug02.h">
      <Filter>Language_Coder\디버깅\자가진단</Filter>
    </ClInclude>
    <ClInclude Include="Language_Coder\디버깅\형성평가\FormativeDebug01.h">
      <Filter>Language_Coder\디버깅\형성평가</Filter>
    </ClInclude>
    <ClInclude Include="Language_Coder\디버깅\형성평가\FormativeDebug02.h">
      <Filter>Language_Coder\디버깅\형성평가</Filter>
    </ClInclude>
    <ClInclude Include="Language_Coder\디버깅\형성평가\FormativeDebug03.h">
      <Filter>Language_Coder\디버깅\형성평가</Filter>
    </ClInclude>
    <ClInclude Include="Language_Coder\디버깅\형성평가\FormativeDebug04.h">
      <Filter>Language_Coder\디버깅\형성평가</Filter>
    </ClInclude>
    <ClInclude Include="Language_Coder\선택제어문\자가진단\BasicConditional01.h">
      <Filter>Language_Coder\선택제어문\자가진단</Filter>
    </ClInclude>
    <ClInclude Include="Language_Coder\선택제어문\자가진단\BasicConditional02.h">
      <Filter>Language_Coder\선택제어문\자가진단</Filter>
    </ClInclude>
    <ClInclude Include="Language_Coder\선택제어문\자가진단\BasicConditional03.h">
      <Filter>Language_Coder\선택제어문\자가진단</Filter>
    </ClInclude>
    <ClInclude Include="Language_Coder\선택제어문\자가진단\BasicConditional04.h">
      <Filter>Language_Coder\선택제어문\자가진단</Filter>
    </ClInclude>
    <ClInclude Include="Language_Coder\선택제어문\자가진단\BasicConditional05.h">
      <Filter>Language_Coder\선택제어문\자가진단</Filter>
    </ClInclude>
    <ClInclude Include="Language_Coder\선택제어문\자가진단\BasicConditional06.h">
      <Filter>Language_Coder\선택제어문\자가진단</Filter>
    </ClInclude>
    <ClInclude Include="Language_Coder\선택제어문\자가진단\BasicConditional07.h">
      <Filter>Language_Coder\선택제어문\자가진단</Filter>
    </ClInclude>
    <ClInclude Include="Language_Coder\선택제어문\자가진단\BasicConditional08.h">
      <Filter>Language_Coder\선택제어문\자가진단</Filter>
    </ClInclude>
    <ClInclude Include="Language_Coder\선택제어문\자가진단\BasicConditional09.h">
      <Filter>Language_Coder\선택제어문\자가진단</Filter>
    </ClInclude>
    <ClInclude Include="Language_Coder\선택제어문\형성평가\FormativeConditional01.h">
      <Filter>Language_Coder\선택제어문\형성평가</Filter>
    </ClInclude>
    <ClInclude Include="Language_Coder\선택제어문\형성평가\FormativeConditional02.h">
      <Filter>Language_Coder\선택제어문\형성평가</Filter>
    </ClInclude>
    <ClInclude Include="Language_Coder\선택제어문\형성평가\FormativeConditional03.h">
      <Filter>Language_Coder\선택제어문\형성평가</Filter>
    </ClInclude>
    <ClInclude Include="Language_Coder\선택제어문\형성평가\FormativeConditional04.h">
      <Filter>Language_Coder\선택제어문\형성평가</Filter>
    </ClInclude>
    <ClInclude Include="Language_Coder\선택제어문\형성평가\FormativeConditional05.h">
      <Filter>Language_Coder\선택제어문\형성평가</Filter>
    </ClInclude>
    <ClInclude Include="Language_Coder\반복제어문1\자가진단\BasicLoop101.h">
      <Filter>Language_Coder\반복제어문1\자가진단</Filter>
    </ClInclude>
    <ClInclude Include="Language_Coder\반복제어문1\자가진단\BasicLoop102.h">
      <Filter>Language_Coder\반복제어문1\자가진단</Filter>
    </ClInclude>
    <ClInclude Include="Language_Coder\반복제어문1\자가진단\BasicLoop103.h">
      <Filter>Language_Coder\반복제어문1\자가진단</Filter>
    </ClInclude>
    <ClInclude Include="Language_Coder\반복제어문1\자가진단\BasicLoop104.h">
      <Filter>Language_Coder\반복제어문1\자가진단</Filter>
    </ClInclude>
    <ClInclude Include="Language_Coder\반복제어문1\자가진단\BasicLoop105.h">
      <Filter>Language_Coder\반복제어문1\자가진단</Filter>
    </ClInclude>
    <ClInclude Include="Language_Coder\반복제어문1\자가진단\BasicLoop106.h">
      <Filter>Language_Coder\반복제어문1\자가진단</Filter>
    </ClInclude>
    <ClInclude Include="Language_Coder\반복제어문1\형성평가\FormativeLoop101.h">
      <Filter>Language_Coder\반복제어문1\형성평가</Filter>
    </ClInclude>
    <ClInclude Include="Language_Coder\반복제어문1\형성평가\FormativeLoop102.h">
      <Filter>Language_Coder\반복제어문1\형성평가</Filter>
    </ClInclude>
    <ClInclude Include="Language_Coder\반복제어문1\형성평가\FormativeLoop103.h">
      <Filter>Language_Coder\반복제어문1\형성평가</Filter>
    </ClInclude>
    <ClInclude Include="Language_Coder\반복제어문1\형성평가\FormativeLoop104.h">
      <Filter>Language_Coder\반복제어문1\형성평가</Filter>
    </ClInclude>
    <ClInclude Include="Language_Coder\반복제어문1\형성평가\FormativeLoop105.h">
      <Filter>Language_Coder\반복제어문1\형성평가</Filter>
    </ClInclude>
    <ClInclude Include="Language_Coder\반복제어문2\자가진단\BasicLoop201.h">
      <Filter>Language_Coder\반복제어문2\자가진단</Filter>
    </ClInclude>
    <ClInclude Include="Language_Coder\반복제어문2\자가진단\BasicLoop202.h">
      <Filter>Language_Coder\반복제어문2\자가진단</Filter>
    </ClInclude>
    <ClInclude Include="Language_Coder\반복제어문2\자가진단\BasicLoop203.h">
      <Filter>Language_Coder\반복제어문2\자가진단</Filter>
    </ClInclude>
    <ClInclude Include="Language_Coder\반복제어문2\자가진단\BasicLoop204.h">
      <Filter>Language_Coder\반복제어문2\자가진단</Filter>
    </ClInclude>
    <ClInclude Include="Language_Coder\반복제어문2\자가진단\BasicLoop205.h">
      <Filter>Language_Coder\반복제어문2\자가진단</Filter>
    </ClInclude>
    <ClInclude Include="Language_Coder\반복제어문2\자가진단\BasicLoop206.h">
      <Filter>Language_Coder\반복제어문2\자가진단</Filter>
    </ClInclude>
    <ClInclude Include="Language_Coder\반복제어문2\자가진단\BasicLoop207.h">
      <Filter>Language_Coder\반복제어문2\자가진단</Filter>
    </ClInclude>
    <ClInclude Include="Language_Coder\반복제어문2\자가진단\BasicLoop208.h">
      <Filter>Language_Coder\반복제어문2\자가진단</Filter>
    </ClInclude>
    <ClInclude Include="Language_Coder\반복제어문2\형성평가\FormativeLoop201.h">
      <Filter>Language_Coder\반복제어문2\형성평가</Filter>
    </ClInclude>
    <ClInclude Include="Language_Coder\반복제어문2\형성평가\FormativeLoop202.h">
      <Filter>Language_Coder\반복제어문2\형성평가</Filter>
    </ClInclude>
    <ClInclude Include="Language_Coder\반복제어문2\형성평가\FormativeLoop203.h">
      <Filter>Language_Coder\반복제어문2\형성평가</Filter>
    </ClInclude>
    <ClInclude Include="Language_Coder\반복제어문2\형성평가\FormativeLoop204.h">
      <Filter>Language_Coder\반복제어문2\형성평가</Filter>
    </ClInclude>
    <ClInclude Include="Language_Coder\반복제어문2\형성평가\FormativeLoop205.h">
      <Filter>Language_Coder\반복제어문2\형성평가</Filter>
    </ClInclude>
    <ClInclude Include="Language_Coder\반복제어문2\형성평가\FormativeLoop206.h">
      <Filter>Language_Coder\반복제어문2\형성평가</Filter>
    </ClInclude>
    <ClInclude Include="Language_Coder\반복제어문2\형성평가\FormativeLoop207.h">
      <Filter>Language_Coder\반복제어문2\형성평가</Filter>
    </ClInclude>
    <ClInclude Include="Language_Coder\반복제어문2\형성평가\FormativeLoop208.h">
      <Filter>Language_Coder\반복제어문2\형성평가</Filter>
    </ClInclude>
    <ClInclude Include="Language_Coder\반복제어문2\형성평가\FormativeLoop209.h">
      <Filter>Language_Coder\반복제어문2\형성평가</Filter>
    </ClInclude>
    <ClInclude Include="Language_Coder\반복제어문2\형성평가\FormativeLoop210.h">
      <Filter>Language_Coder\반복제어문2\형성평가</Filter>
    </ClInclude>
    <ClInclude Include="Language_Coder\반복제어문3\자가진단\BasicLoop301.h">
      <Filter>Language_Coder\반복제어문3\자가진단</Filter>
    </ClInclude>
    <ClInclude Include="Language_Coder\반복제어문3\자가진단\BasicLoop302.h">
      <Filter>Language_Coder\반복제어문3\자가진단</Filter>
    </ClInclude>
    <ClInclude Include="Language_Coder\반복제어문3\자가진단\BasicLoop303.h">
      <Filter>Language_Coder\반복제어문3\자가진단</Filter>
    </ClInclude>
    <ClInclude Include="Language_Coder\반복제어문3\자가진단\BasicLoop304.h">
      <Filter>Language_Coder\반복제어문3\자가진단</Filter>
    </ClInclude>
    <ClInclude Include="Language_Coder\반복제어문3\자가진단\BasicLoop305.h">
      <Filter>Language_Coder\반복제어문3\자가진단</Filter>
    </ClInclude>
    <ClInclude Include="Language_Coder\반복제어문3\자가진단\BasicLoop306.h">
      <Filter>Language_Coder\반복제어문3\자가진단</Filter>
    </ClInclude>
    <ClInclude Include="Language_Coder\반복제어문3\자가진단\BasicLoop307.h">
      <Filter>Language_Coder\반복제어문3\자가진단</Filter>
    </ClInclude>
  </ItemGroup>
</Project>