<?xml version="1.0" encoding="utf-8"?>
<Project ToolsVersion="4.0" xmlns="http://schemas.microsoft.com/developer/msbuild/2003">
  <ItemGroup>
    <ClCompile Include="main.cpp" />
    <ClCompile Include="Base.cpp" />
  </ItemGroup>
  <ItemGroup>
    <Filter Include="Language_Coder">
      <UniqueIdentifier>{bdfd9225-9801-4952-9e98-2b61531a3466}</UniqueIdentifier>
    </Filter>
    <Filter Include="Language_Coder\출력">
      <UniqueIdentifier>{9012a62e-bcfd-4316-9cfd-c907e3257e33}</UniqueIdentifier>
    </Filter>
    <Filter Include="Language_Coder\출력\형성평가">
      <UniqueIdentifier>{9d1000bf-b20f-44c0-b667-48b1ab7ace6b}</UniqueIdentifier>
    </Filter>
    <Filter Include="Language_Coder\출력\자가진단">
      <UniqueIdentifier>{d22544b0-dfc5-4d24-adf1-17926dc6a607}</UniqueIdentifier>
    </Filter>
  </ItemGroup>
  <ItemGroup>
    <ClInclude Include="Base.h" />
  </ItemGroup>
</Project>